
Microsoft Visual Studio Solution File, Format Version 12.00
# Visual Studio Version 16
VisualStudioVersion = 16.0.30611.23
MinimumVisualStudioVersion = 10.0.40219.1
Project("{2150E333-8FDC-42A3-9474-1A3956D46DE8}") = "00. CrossCuttingConcerns", "00. CrossCuttingConcerns", "{926BAF7B-A011-4230-AF1F-2265CE54C168}"
EndProject
Project("{2150E333-8FDC-42A3-9474-1A3956D46DE8}") = "01. Presentation", "01. Presentation", "{76D04C2C-6096-4AD5-8CF1-516E289A10CB}"
EndProject
Project("{2150E333-8FDC-42A3-9474-1A3956D46DE8}") = "Concrete", "Concrete", "{CE80AD0C-8D8B-40B2-83DC-9BD5F0F13321}"
	ProjectSection(SolutionItems) = preProject
		Placeholder.txt = Placeholder.txt
	EndProjectSection
EndProject
Project("{2150E333-8FDC-42A3-9474-1A3956D46DE8}") = "03. Application", "03. Application", "{09F65F74-7D2A-49D1-8614-F6989713AD39}"
EndProject
Project("{2150E333-8FDC-42A3-9474-1A3956D46DE8}") = "Infrastructure", "Infrastructure", "{5640D2B9-7B46-4B84-8BBF-836B4FC2D425}"
EndProject
Project("{2150E333-8FDC-42A3-9474-1A3956D46DE8}") = "Logic", "Logic", "{BBFBC4E4-3475-4A83-B412-45FE7B10ECFB}"
EndProject
Project("{2150E333-8FDC-42A3-9474-1A3956D46DE8}") = "06. Persistence", "06. Persistence", "{C77BB288-D39D-4E56-89B1-8D33EFBF1872}"
EndProject
Project("{2150E333-8FDC-42A3-9474-1A3956D46DE8}") = "Concrete", "Concrete", "{C6B468A1-D281-4379-BC90-CBA8E23CF6B8}"
	ProjectSection(SolutionItems) = preProject
		Placeholder.txt = Placeholder.txt
	EndProjectSection
EndProject
Project("{2150E333-8FDC-42A3-9474-1A3956D46DE8}") = "Infrastructure", "Infrastructure", "{BF696B4A-F2DC-44EA-8A1C-F4B566E1A436}"
EndProject
Project("{2150E333-8FDC-42A3-9474-1A3956D46DE8}") = "Blazor", "Blazor", "{FC143ABB-5E8D-49A0-9457-EAF5223203A1}"
EndProject
Project("{2150E333-8FDC-42A3-9474-1A3956D46DE8}") = "Xamarin", "Xamarin", "{42FBB335-42BA-4C36-ADF5-5BADD8D3C919}"
	ProjectSection(SolutionItems) = preProject
		Placeholder.txt = Placeholder.txt
	EndProjectSection
EndProject
Project("{2150E333-8FDC-42A3-9474-1A3956D46DE8}") = "04. Domain", "04. Domain", "{881286FB-5E30-48A6-9F4E-9381CF00D2A9}"
EndProject
Project("{2150E333-8FDC-42A3-9474-1A3956D46DE8}") = "Concrete", "Concrete", "{DCD33BE2-932D-4B93-B36E-327A9B2443DE}"
EndProject
Project("{2150E333-8FDC-42A3-9474-1A3956D46DE8}") = "05. Infrastructure", "05. Infrastructure", "{779D85C4-72B6-4459-B6E8-0A5F4CC3E176}"
EndProject
Project("{2150E333-8FDC-42A3-9474-1A3956D46DE8}") = "Services", "Services", "{FC4F7372-0652-49FE-9E3D-4E599235CC6B}"
	ProjectSection(SolutionItems) = preProject
		Placeholder.txt = Placeholder.txt
	EndProjectSection
EndProject
Project("{2150E333-8FDC-42A3-9474-1A3956D46DE8}") = "99. Diagrams", "99. Diagrams", "{CCC92925-4AD9-4DCF-BD84-671FA4DD5363}"
	ProjectSection(SolutionItems) = preProject
		UserDiagram.dgml = UserDiagram.dgml
	EndProjectSection
EndProject
Project("{2150E333-8FDC-42A3-9474-1A3956D46DE8}") = "Common", "Common", "{3AC89C28-D4AD-47B9-976C-9BBD7B4E3D99}"
EndProject
Project("{2150E333-8FDC-42A3-9474-1A3956D46DE8}") = "Testing", "Testing", "{4DBBADC5-5A85-4855-9C01-58B8C174F671}"
EndProject
Project("{9A19103F-16F7-4668-BE54-9A1E7A4F7556}") = "MSS.CrossCuttingConcerns.Infrastructure.ConstantData", "00. CrossCuttingConcerns\Infrastructure\MSS.CrossCuttingConcerns.Infrastructure.ConstantData\MSS.CrossCuttingConcerns.Infrastructure.ConstantData.csproj", "{F96EEEFA-B1C6-47E6-BE6D-A41F315417AB}"
EndProject
Project("{2150E333-8FDC-42A3-9474-1A3956D46DE8}") = "02. Service", "02. Service", "{FC40B0AE-583A-4F34-BA9D-76443B5102A0}"
EndProject
Project("{9A19103F-16F7-4668-BE54-9A1E7A4F7556}") = "MSS.Application.Infrastructure.Persistence", "03. Application\Infrastructure\MSS.Application.Infrastructure.Persistence\MSS.Application.Infrastructure.Persistence.csproj", "{2D6C7398-20FD-4798-B850-96230B6D134A}"
EndProject
Project("{9A19103F-16F7-4668-BE54-9A1E7A4F7556}") = "MSS.Domain.Common.Interfaces", "04. Domain\Common\MSS.Domain.Common.Interfaces\MSS.Domain.Common.Interfaces.csproj", "{BFCD74A2-14C8-497B-BF60-5A72322AC256}"
EndProject
Project("{9A19103F-16F7-4668-BE54-9A1E7A4F7556}") = "MSS.Domain.Concrete.DatabaseEntities", "04. Domain\Concrete\MSS.Domain.Concrete.DatabaseEntities\MSS.Domain.Concrete.DatabaseEntities.csproj", "{8607791A-7146-4B6B-9244-9E89E89ADE8C}"
EndProject
Project("{9A19103F-16F7-4668-BE54-9A1E7A4F7556}") = "MSS.Domain.Testing.DomainUnitTests", "04. Domain\Testing\MSS.Domain.Testing.DomainUnitTests\MSS.Domain.Testing.DomainUnitTests.csproj", "{E5709C62-08D2-4945-A508-2E8D626725D3}"
EndProject
Project("{9A19103F-16F7-4668-BE54-9A1E7A4F7556}") = "MSS.Persistence.ObjectRelationalMapping", "06. Persistence\MSS.Persistence.ObjectRelationalMapping\MSS.Persistence.ObjectRelationalMapping.csproj", "{DAACA7B7-5C37-4AF7-A6A2-F90BE7F15564}"
EndProject
Project("{9A19103F-16F7-4668-BE54-9A1E7A4F7556}") = "MSS.Application.Logic.CommandQueries", "03. Application\Logic\MSS.Application.Logic.CommandQueries\MSS.Application.Logic.CommandQueries.csproj", "{221EE17D-6539-4A1E-A100-E33E07958214}"
EndProject
Project("{9A19103F-16F7-4668-BE54-9A1E7A4F7556}") = "MSS.Service.MainAPI", "02. Service\MSS.Service.MainAPI\MSS.Service.MainAPI.csproj", "{83DE2CCC-CAD4-4E9E-841B-AEE57A1D0669}"
EndProject
Project("{9A19103F-16F7-4668-BE54-9A1E7A4F7556}") = "MSS.Application.Logic.CommandQueries.Tests", "03. Application\Logic\MSS.Application.Logic.CommandQueries.Tests\MSS.Application.Logic.CommandQueries.Tests.csproj", "{2668AB64-9F32-4F27-A1E0-0FFB037E5CB6}"
EndProject
Project("{9A19103F-16F7-4668-BE54-9A1E7A4F7556}") = "MSS.Persistence.ObjectRelationalMapping.Tests", "06. Persistence\MSS.Persistence.ObjectRelationalMapping.Tests\MSS.Persistence.ObjectRelationalMapping.Tests.csproj", "{99357E84-7D27-42A3-92A8-F0B563B22484}"
EndProject
Project("{9A19103F-16F7-4668-BE54-9A1E7A4F7556}") = "MSS.Domain.Concrete.EntityAttributes", "04. Domain\Concrete\MSS.Domain.Concrete.EntityAttributes\MSS.Domain.Concrete.EntityAttributes.csproj", "{0ADC0685-9D9E-405B-B6B0-6828C8A8E27D}"
EndProject
Project("{9A19103F-16F7-4668-BE54-9A1E7A4F7556}") = "MSS.Domain.Concrete.EntityAttributes.Tests", "04. Domain\Concrete\MSS.Domain.Concrete.EntityAttributes.Tests\MSS.Domain.Concrete.EntityAttributes.Tests.csproj", "{93FF2D09-0FC7-4D27-A251-DF6467A69536}"
EndProject
Project("{9A19103F-16F7-4668-BE54-9A1E7A4F7556}") = "MSS.Presentation.Blazor.PWAClient", "01. Presentation\Blazor\MSS.Presentation.Blazor.PWAClient\MSS.Presentation.Blazor.PWAClient.csproj", "{C9F0DAD2-9309-4401-A503-0DEF5D7FBFDD}"
EndProject
Project("{9A19103F-16F7-4668-BE54-9A1E7A4F7556}") = "MSS.CrossCuttingConcerns.Concrete.Validation", "00. CrossCuttingConcerns\Concrete\MSS.CrossCuttingConcerns.Concrete.Validation\MSS.CrossCuttingConcerns.Concrete.Validation.csproj", "{4CCF1756-ED1F-4184-B597-E28E232C7EC0}"
EndProject
Project("{9A19103F-16F7-4668-BE54-9A1E7A4F7556}") = "MSS.CrossCuttingConcerns.Infrastructure.Validation", "00. CrossCuttingConcerns\Infrastructure\MSS.CrossCuttingConcerns.Infrastructure.Validation\MSS.CrossCuttingConcerns.Infrastructure.Validation.csproj", "{D23BED4D-9830-4671-8A63-722110FDAFFE}"
EndProject
Global
	GlobalSection(SolutionConfigurationPlatforms) = preSolution
		Debug|Any CPU = Debug|Any CPU
		Release|Any CPU = Release|Any CPU
	EndGlobalSection
	GlobalSection(ProjectConfigurationPlatforms) = postSolution
		{F96EEEFA-B1C6-47E6-BE6D-A41F315417AB}.Debug|Any CPU.ActiveCfg = Debug|Any CPU
		{F96EEEFA-B1C6-47E6-BE6D-A41F315417AB}.Debug|Any CPU.Build.0 = Debug|Any CPU
		{F96EEEFA-B1C6-47E6-BE6D-A41F315417AB}.Release|Any CPU.ActiveCfg = Release|Any CPU
		{F96EEEFA-B1C6-47E6-BE6D-A41F315417AB}.Release|Any CPU.Build.0 = Release|Any CPU
		{2D6C7398-20FD-4798-B850-96230B6D134A}.Debug|Any CPU.ActiveCfg = Debug|Any CPU
		{2D6C7398-20FD-4798-B850-96230B6D134A}.Debug|Any CPU.Build.0 = Debug|Any CPU
		{2D6C7398-20FD-4798-B850-96230B6D134A}.Release|Any CPU.ActiveCfg = Release|Any CPU
		{2D6C7398-20FD-4798-B850-96230B6D134A}.Release|Any CPU.Build.0 = Release|Any CPU
		{BFCD74A2-14C8-497B-BF60-5A72322AC256}.Debug|Any CPU.ActiveCfg = Debug|Any CPU
		{BFCD74A2-14C8-497B-BF60-5A72322AC256}.Debug|Any CPU.Build.0 = Debug|Any CPU
		{BFCD74A2-14C8-497B-BF60-5A72322AC256}.Release|Any CPU.ActiveCfg = Release|Any CPU
		{BFCD74A2-14C8-497B-BF60-5A72322AC256}.Release|Any CPU.Build.0 = Release|Any CPU
		{8607791A-7146-4B6B-9244-9E89E89ADE8C}.Debug|Any CPU.ActiveCfg = Debug|Any CPU
		{8607791A-7146-4B6B-9244-9E89E89ADE8C}.Debug|Any CPU.Build.0 = Debug|Any CPU
		{8607791A-7146-4B6B-9244-9E89E89ADE8C}.Release|Any CPU.ActiveCfg = Release|Any CPU
		{8607791A-7146-4B6B-9244-9E89E89ADE8C}.Release|Any CPU.Build.0 = Release|Any CPU
		{E5709C62-08D2-4945-A508-2E8D626725D3}.Debug|Any CPU.ActiveCfg = Debug|Any CPU
		{E5709C62-08D2-4945-A508-2E8D626725D3}.Debug|Any CPU.Build.0 = Debug|Any CPU
		{E5709C62-08D2-4945-A508-2E8D626725D3}.Release|Any CPU.ActiveCfg = Release|Any CPU
		{E5709C62-08D2-4945-A508-2E8D626725D3}.Release|Any CPU.Build.0 = Release|Any CPU
		{DAACA7B7-5C37-4AF7-A6A2-F90BE7F15564}.Debug|Any CPU.ActiveCfg = Debug|Any CPU
		{DAACA7B7-5C37-4AF7-A6A2-F90BE7F15564}.Debug|Any CPU.Build.0 = Debug|Any CPU
		{DAACA7B7-5C37-4AF7-A6A2-F90BE7F15564}.Release|Any CPU.ActiveCfg = Release|Any CPU
		{DAACA7B7-5C37-4AF7-A6A2-F90BE7F15564}.Release|Any CPU.Build.0 = Release|Any CPU
		{221EE17D-6539-4A1E-A100-E33E07958214}.Debug|Any CPU.ActiveCfg = Debug|Any CPU
		{221EE17D-6539-4A1E-A100-E33E07958214}.Debug|Any CPU.Build.0 = Debug|Any CPU
		{221EE17D-6539-4A1E-A100-E33E07958214}.Release|Any CPU.ActiveCfg = Release|Any CPU
		{221EE17D-6539-4A1E-A100-E33E07958214}.Release|Any CPU.Build.0 = Release|Any CPU
		{83DE2CCC-CAD4-4E9E-841B-AEE57A1D0669}.Debug|Any CPU.ActiveCfg = Debug|Any CPU
		{83DE2CCC-CAD4-4E9E-841B-AEE57A1D0669}.Debug|Any CPU.Build.0 = Debug|Any CPU
		{83DE2CCC-CAD4-4E9E-841B-AEE57A1D0669}.Release|Any CPU.ActiveCfg = Release|Any CPU
		{83DE2CCC-CAD4-4E9E-841B-AEE57A1D0669}.Release|Any CPU.Build.0 = Release|Any CPU
		{2668AB64-9F32-4F27-A1E0-0FFB037E5CB6}.Debug|Any CPU.ActiveCfg = Debug|Any CPU
		{2668AB64-9F32-4F27-A1E0-0FFB037E5CB6}.Debug|Any CPU.Build.0 = Debug|Any CPU
		{2668AB64-9F32-4F27-A1E0-0FFB037E5CB6}.Release|Any CPU.ActiveCfg = Release|Any CPU
		{2668AB64-9F32-4F27-A1E0-0FFB037E5CB6}.Release|Any CPU.Build.0 = Release|Any CPU
		{99357E84-7D27-42A3-92A8-F0B563B22484}.Debug|Any CPU.ActiveCfg = Debug|Any CPU
		{99357E84-7D27-42A3-92A8-F0B563B22484}.Debug|Any CPU.Build.0 = Debug|Any CPU
		{99357E84-7D27-42A3-92A8-F0B563B22484}.Release|Any CPU.ActiveCfg = Release|Any CPU
		{99357E84-7D27-42A3-92A8-F0B563B22484}.Release|Any CPU.Build.0 = Release|Any CPU
		{0ADC0685-9D9E-405B-B6B0-6828C8A8E27D}.Debug|Any CPU.ActiveCfg = Debug|Any CPU
		{0ADC0685-9D9E-405B-B6B0-6828C8A8E27D}.Debug|Any CPU.Build.0 = Debug|Any CPU
		{0ADC0685-9D9E-405B-B6B0-6828C8A8E27D}.Release|Any CPU.ActiveCfg = Release|Any CPU
		{0ADC0685-9D9E-405B-B6B0-6828C8A8E27D}.Release|Any CPU.Build.0 = Release|Any CPU
		{93FF2D09-0FC7-4D27-A251-DF6467A69536}.Debug|Any CPU.ActiveCfg = Debug|Any CPU
		{93FF2D09-0FC7-4D27-A251-DF6467A69536}.Debug|Any CPU.Build.0 = Debug|Any CPU
		{93FF2D09-0FC7-4D27-A251-DF6467A69536}.Release|Any CPU.ActiveCfg = Release|Any CPU
		{93FF2D09-0FC7-4D27-A251-DF6467A69536}.Release|Any CPU.Build.0 = Release|Any CPU
		{C9F0DAD2-9309-4401-A503-0DEF5D7FBFDD}.Debug|Any CPU.ActiveCfg = Debug|Any CPU
		{C9F0DAD2-9309-4401-A503-0DEF5D7FBFDD}.Debug|Any CPU.Build.0 = Debug|Any CPU
		{C9F0DAD2-9309-4401-A503-0DEF5D7FBFDD}.Release|Any CPU.ActiveCfg = Release|Any CPU
		{C9F0DAD2-9309-4401-A503-0DEF5D7FBFDD}.Release|Any CPU.Build.0 = Release|Any CPU
		{4CCF1756-ED1F-4184-B597-E28E232C7EC0}.Debug|Any CPU.ActiveCfg = Debug|Any CPU
		{4CCF1756-ED1F-4184-B597-E28E232C7EC0}.Debug|Any CPU.Build.0 = Debug|Any CPU
		{4CCF1756-ED1F-4184-B597-E28E232C7EC0}.Release|Any CPU.ActiveCfg = Release|Any CPU
		{4CCF1756-ED1F-4184-B597-E28E232C7EC0}.Release|Any CPU.Build.0 = Release|Any CPU
		{D23BED4D-9830-4671-8A63-722110FDAFFE}.Debug|Any CPU.ActiveCfg = Debug|Any CPU
		{D23BED4D-9830-4671-8A63-722110FDAFFE}.Debug|Any CPU.Build.0 = Debug|Any CPU
		{D23BED4D-9830-4671-8A63-722110FDAFFE}.Release|Any CPU.ActiveCfg = Release|Any CPU
		{D23BED4D-9830-4671-8A63-722110FDAFFE}.Release|Any CPU.Build.0 = Release|Any CPU
	EndGlobalSection
	GlobalSection(SolutionProperties) = preSolution
		HideSolutionNode = FALSE
	EndGlobalSection
	GlobalSection(NestedProjects) = preSolution
		{CE80AD0C-8D8B-40B2-83DC-9BD5F0F13321} = {76D04C2C-6096-4AD5-8CF1-516E289A10CB}
		{5640D2B9-7B46-4B84-8BBF-836B4FC2D425} = {09F65F74-7D2A-49D1-8614-F6989713AD39}
		{BBFBC4E4-3475-4A83-B412-45FE7B10ECFB} = {09F65F74-7D2A-49D1-8614-F6989713AD39}
		{C6B468A1-D281-4379-BC90-CBA8E23CF6B8} = {926BAF7B-A011-4230-AF1F-2265CE54C168}
		{BF696B4A-F2DC-44EA-8A1C-F4B566E1A436} = {926BAF7B-A011-4230-AF1F-2265CE54C168}
		{FC143ABB-5E8D-49A0-9457-EAF5223203A1} = {76D04C2C-6096-4AD5-8CF1-516E289A10CB}
		{42FBB335-42BA-4C36-ADF5-5BADD8D3C919} = {76D04C2C-6096-4AD5-8CF1-516E289A10CB}
		{DCD33BE2-932D-4B93-B36E-327A9B2443DE} = {881286FB-5E30-48A6-9F4E-9381CF00D2A9}
		{FC4F7372-0652-49FE-9E3D-4E599235CC6B} = {779D85C4-72B6-4459-B6E8-0A5F4CC3E176}
		{3AC89C28-D4AD-47B9-976C-9BBD7B4E3D99} = {881286FB-5E30-48A6-9F4E-9381CF00D2A9}
		{4DBBADC5-5A85-4855-9C01-58B8C174F671} = {881286FB-5E30-48A6-9F4E-9381CF00D2A9}
		{F96EEEFA-B1C6-47E6-BE6D-A41F315417AB} = {BF696B4A-F2DC-44EA-8A1C-F4B566E1A436}
		{2D6C7398-20FD-4798-B850-96230B6D134A} = {5640D2B9-7B46-4B84-8BBF-836B4FC2D425}
		{BFCD74A2-14C8-497B-BF60-5A72322AC256} = {3AC89C28-D4AD-47B9-976C-9BBD7B4E3D99}
		{8607791A-7146-4B6B-9244-9E89E89ADE8C} = {DCD33BE2-932D-4B93-B36E-327A9B2443DE}
		{E5709C62-08D2-4945-A508-2E8D626725D3} = {4DBBADC5-5A85-4855-9C01-58B8C174F671}
		{DAACA7B7-5C37-4AF7-A6A2-F90BE7F15564} = {C77BB288-D39D-4E56-89B1-8D33EFBF1872}
		{221EE17D-6539-4A1E-A100-E33E07958214} = {BBFBC4E4-3475-4A83-B412-45FE7B10ECFB}
		{83DE2CCC-CAD4-4E9E-841B-AEE57A1D0669} = {FC40B0AE-583A-4F34-BA9D-76443B5102A0}
		{2668AB64-9F32-4F27-A1E0-0FFB037E5CB6} = {BBFBC4E4-3475-4A83-B412-45FE7B10ECFB}
		{99357E84-7D27-42A3-92A8-F0B563B22484} = {C77BB288-D39D-4E56-89B1-8D33EFBF1872}
		{0ADC0685-9D9E-405B-B6B0-6828C8A8E27D} = {DCD33BE2-932D-4B93-B36E-327A9B2443DE}
		{93FF2D09-0FC7-4D27-A251-DF6467A69536} = {DCD33BE2-932D-4B93-B36E-327A9B2443DE}
		{C9F0DAD2-9309-4401-A503-0DEF5D7FBFDD} = {FC143ABB-5E8D-49A0-9457-EAF5223203A1}
		{4CCF1756-ED1F-4184-B597-E28E232C7EC0} = {C6B468A1-D281-4379-BC90-CBA8E23CF6B8}
		{D23BED4D-9830-4671-8A63-722110FDAFFE} = {BF696B4A-F2DC-44EA-8A1C-F4B566E1A436}
	EndGlobalSection
	GlobalSection(ExtensibilityGlobals) = postSolution
		SolutionGuid = {72ED30C6-37A9-4221-B4F6-BCFB16C72CD8}
	EndGlobalSection
EndGlobal
